
Microsoft Visual Studio Solution File, Format Version 12.00
# Visual Studio Version 16
VisualStudioVersion = 16.0.32413.511
MinimumVisualStudioVersion = 10.0.40219.1
Project("{FAE04EC0-301F-11D3-BF4B-00C04F79EFBC}") = "Free-Crypter", "Free-Crypter\Free-Crypter.csproj", "{6EBFE836-784D-461A-9E99-A0298F7ED40C}"
EndProject
Project("{FAE04EC0-301F-11D3-BF4B-00C04F79EFBC}") = "NyanRunpe", "NyanRunpe\NyanRunpe.csproj", "{46C44710-07E7-4866-8CE8-A2407EFC5844}"
EndProject
Project("{FAE04EC0-301F-11D3-BF4B-00C04F79EFBC}") = "FreeStub", "FreeStub\FreeStub.csproj", "{CC33A695-0357-48E4-A06A-DEE1338DFFBC}"
EndProject
Global
	GlobalSection(SolutionConfigurationPlatforms) = preSolution
		Debug|Any CPU = Debug|Any CPU
		Release|Any CPU = Release|Any CPU
	EndGlobalSection
	GlobalSection(ProjectConfigurationPlatforms) = postSolution
		{6EBFE836-784D-461A-9E99-A0298F7ED40C}.Debug|Any CPU.ActiveCfg = Debug|Any CPU
		{6EBFE836-784D-461A-9E99-A0298F7ED40C}.Debug|Any CPU.Build.0 = Debug|Any CPU
		{6EBFE836-784D-461A-9E99-A0298F7ED40C}.Release|Any CPU.ActiveCfg = Release|Any CPU
		{6EBFE836-784D-461A-9E99-A0298F7ED40C}.Release|Any CPU.Build.0 = Release|Any CPU
		{46C44710-07E7-4866-8CE8-A2407EFC5844}.Debug|Any CPU.ActiveCfg = Debug|Any CPU
		{46C44710-07E7-4866-8CE8-A2407EFC5844}.Debug|Any CPU.Build.0 = Debug|Any CPU
		{46C44710-07E7-4866-8CE8-A2407EFC5844}.Release|Any CPU.ActiveCfg = Release|Any CPU
		{46C44710-07E7-4866-8CE8-A2407EFC5844}.Release|Any CPU.Build.0 = Release|Any CPU
		{CC33A695-0357-48E4-A06A-DEE1338DFFBC}.Debug|Any CPU.ActiveCfg = Debug|Any CPU
		{CC33A695-0357-48E4-A06A-DEE1338DFFBC}.Debug|Any CPU.Build.0 = Debug|Any CPU
		{CC33A695-0357-48E4-A06A-DEE1338DFFBC}.Release|Any CPU.ActiveCfg = Release|Any CPU
		{CC33A695-0357-48E4-A06A-DEE1338DFFBC}.Release|Any CPU.Build.0 = Release|Any CPU
	EndGlobalSection
	GlobalSection(SolutionProperties) = preSolution
		HideSolutionNode = FALSE
	EndGlobalSection
	GlobalSection(ExtensibilityGlobals) = postSolution
		SolutionGuid = {9BAC5C1E-31E3-4D82-AD17-DAB8A4CC74F8}
	EndGlobalSection
EndGlobal
